
Microsoft Visual Studio Solution File, Format Version 12.00
# Visual Studio Version 16
VisualStudioVersion = 16.0.32510.428
MinimumVisualStudioVersion = 10.0.40219.1
Project("{9A19103F-16F7-4668-BE54-9A1E7A4F7556}") = "Hyperativa-API", "hyperativa-API\Hyperativa-API.csproj", "{48211213-4D89-4594-B1A6-E3394BB88F21}"
EndProject
Global
	GlobalSection(SolutionConfigurationPlatforms) = preSolution
		Debug|Any CPU = Debug|Any CPU
		Release|Any CPU = Release|Any CPU
	EndGlobalSection
	GlobalSection(ProjectConfigurationPlatforms) = postSolution
		{48211213-4D89-4594-B1A6-E3394BB88F21}.Debug|Any CPU.ActiveCfg = Debug|Any CPU
		{48211213-4D89-4594-B1A6-E3394BB88F21}.Debug|Any CPU.Build.0 = Debug|Any CPU
		{48211213-4D89-4594-B1A6-E3394BB88F21}.Release|Any CPU.ActiveCfg = Release|Any CPU
		{48211213-4D89-4594-B1A6-E3394BB88F21}.Release|Any CPU.Build.0 = Release|Any CPU
	EndGlobalSection
	GlobalSection(SolutionProperties) = preSolution
		HideSolutionNode = FALSE
	EndGlobalSection
	GlobalSection(ExtensibilityGlobals) = postSolution
		SolutionGuid = {BABCBF17-C665-459E-95F1-0F6E42C9E06B}
	EndGlobalSection
EndGlobal
